
Microsoft Visual Studio Solution File, Format Version 12.00
# Visual Studio Version 16
VisualStudioVersion = 16.0.29519.87
MinimumVisualStudioVersion = 10.0.40219.1
Project("{FAE04EC0-301F-11D3-BF4B-00C04F79EFBC}") = "RehmaniQaidaApp.Android", "RehmaniQaidaApp\RehmaniQaidaApp.Android\RehmaniQaidaApp.Android.csproj", "{D574FF56-AC43-4406-951C-E5D1D8184801}"
EndProject
Project("{FAE04EC0-301F-11D3-BF4B-00C04F79EFBC}") = "RehmaniQaidaApp.iOS", "RehmaniQaidaApp\RehmaniQaidaApp.iOS\RehmaniQaidaApp.iOS.csproj", "{30A520C7-1359-4FE3-BFFE-57F95CF73046}"
EndProject
Project("{FAE04EC0-301F-11D3-BF4B-00C04F79EFBC}") = "RehmaniQaidaApp", "RehmaniQaidaApp\RehmaniQaidaApp\RehmaniQaidaApp.csproj", "{D3E8D3A7-B007-44FC-95E5-8D205505EEF4}"
EndProject
Global
	GlobalSection(SolutionConfigurationPlatforms) = preSolution
		Debug|Any CPU = Debug|Any CPU
		Debug|iPhone = Debug|iPhone
		Debug|iPhoneSimulator = Debug|iPhoneSimulator
		Release|Any CPU = Release|Any CPU
		Release|iPhone = Release|iPhone
		Release|iPhoneSimulator = Release|iPhoneSimulator
	EndGlobalSection
	GlobalSection(ProjectConfigurationPlatforms) = postSolution
		{D574FF56-AC43-4406-951C-E5D1D8184801}.Debug|Any CPU.ActiveCfg = Debug|Any CPU
		{D574FF56-AC43-4406-951C-E5D1D8184801}.Debug|Any CPU.Build.0 = Debug|Any CPU
		{D574FF56-AC43-4406-951C-E5D1D8184801}.Debug|Any CPU.Deploy.0 = Debug|Any CPU
		{D574FF56-AC43-4406-951C-E5D1D8184801}.Debug|iPhone.ActiveCfg = Debug|Any CPU
		{D574FF56-AC43-4406-951C-E5D1D8184801}.Debug|iPhone.Build.0 = Debug|Any CPU
		{D574FF56-AC43-4406-951C-E5D1D8184801}.Debug|iPhone.Deploy.0 = Debug|Any CPU
		{D574FF56-AC43-4406-951C-E5D1D8184801}.Debug|iPhoneSimulator.ActiveCfg = Debug|Any CPU
		{D574FF56-AC43-4406-951C-E5D1D8184801}.Debug|iPhoneSimulator.Build.0 = Debug|Any CPU
		{D574FF56-AC43-4406-951C-E5D1D8184801}.Debug|iPhoneSimulator.Deploy.0 = Debug|Any CPU
		{D574FF56-AC43-4406-951C-E5D1D8184801}.Release|Any CPU.ActiveCfg = Release|Any CPU
		{D574FF56-AC43-4406-951C-E5D1D8184801}.Release|Any CPU.Build.0 = Release|Any CPU
		{D574FF56-AC43-4406-951C-E5D1D8184801}.Release|Any CPU.Deploy.0 = Release|Any CPU
		{D574FF56-AC43-4406-951C-E5D1D8184801}.Release|iPhone.ActiveCfg = Release|Any CPU
		{D574FF56-AC43-4406-951C-E5D1D8184801}.Release|iPhone.Build.0 = Release|Any CPU
		{D574FF56-AC43-4406-951C-E5D1D8184801}.Release|iPhone.Deploy.0 = Release|Any CPU
		{D574FF56-AC43-4406-951C-E5D1D8184801}.Release|iPhoneSimulator.ActiveCfg = Release|Any CPU
		{D574FF56-AC43-4406-951C-E5D1D8184801}.Release|iPhoneSimulator.Build.0 = Release|Any CPU
		{D574FF56-AC43-4406-951C-E5D1D8184801}.Release|iPhoneSimulator.Deploy.0 = Release|Any CPU
		{30A520C7-1359-4FE3-BFFE-57F95CF73046}.Debug|Any CPU.ActiveCfg = Debug|iPhoneSimulator
		{30A520C7-1359-4FE3-BFFE-57F95CF73046}.Debug|Any CPU.Build.0 = Debug|iPhoneSimulator
		{30A520C7-1359-4FE3-BFFE-57F95CF73046}.Debug|Any CPU.Deploy.0 = Debug|iPhoneSimulator
		{30A520C7-1359-4FE3-BFFE-57F95CF73046}.Debug|iPhone.ActiveCfg = Debug|iPhone
		{30A520C7-1359-4FE3-BFFE-57F95CF73046}.Debug|iPhone.Build.0 = Debug|iPhone
		{30A520C7-1359-4FE3-BFFE-57F95CF73046}.Debug|iPhone.Deploy.0 = Debug|iPhone
		{30A520C7-1359-4FE3-BFFE-57F95CF73046}.Debug|iPhoneSimulator.ActiveCfg = Debug|iPhoneSimulator
		{30A520C7-1359-4FE3-BFFE-57F95CF73046}.Debug|iPhoneSimulator.Build.0 = Debug|iPhoneSimulator
		{30A520C7-1359-4FE3-BFFE-57F95CF73046}.Debug|iPhoneSimulator.Deploy.0 = Debug|iPhoneSimulator
		{30A520C7-1359-4FE3-BFFE-57F95CF73046}.Release|Any CPU.ActiveCfg = Release|iPhone
		{30A520C7-1359-4FE3-BFFE-57F95CF73046}.Release|Any CPU.Build.0 = Release|iPhone
		{30A520C7-1359-4FE3-BFFE-57F95CF73046}.Release|Any CPU.Deploy.0 = Release|iPhone
		{30A520C7-1359-4FE3-BFFE-57F95CF73046}.Release|iPhone.ActiveCfg = Release|iPhone
		{30A520C7-1359-4FE3-BFFE-57F95CF73046}.Release|iPhone.Build.0 = Release|iPhone
		{30A520C7-1359-4FE3-BFFE-57F95CF73046}.Release|iPhone.Deploy.0 = Release|iPhone
		{30A520C7-1359-4FE3-BFFE-57F95CF73046}.Release|iPhoneSimulator.ActiveCfg = Release|iPhoneSimulator
		{30A520C7-1359-4FE3-BFFE-57F95CF73046}.Release|iPhoneSimulator.Build.0 = Release|iPhoneSimulator
		{30A520C7-1359-4FE3-BFFE-57F95CF73046}.Release|iPhoneSimulator.Deploy.0 = Release|iPhoneSimulator
		{D3E8D3A7-B007-44FC-95E5-8D205505EEF4}.Debug|Any CPU.ActiveCfg = Debug|Any CPU
		{D3E8D3A7-B007-44FC-95E5-8D205505EEF4}.Debug|Any CPU.Build.0 = Debug|Any CPU
		{D3E8D3A7-B007-44FC-95E5-8D205505EEF4}.Debug|Any CPU.Deploy.0 = Debug|Any CPU
		{D3E8D3A7-B007-44FC-95E5-8D205505EEF4}.Debug|iPhone.ActiveCfg = Debug|Any CPU
		{D3E8D3A7-B007-44FC-95E5-8D205505EEF4}.Debug|iPhone.Build.0 = Debug|Any CPU
		{D3E8D3A7-B007-44FC-95E5-8D205505EEF4}.Debug|iPhone.Deploy.0 = Debug|Any CPU
		{D3E8D3A7-B007-44FC-95E5-8D205505EEF4}.Debug|iPhoneSimulator.ActiveCfg = Debug|Any CPU
		{D3E8D3A7-B007-44FC-95E5-8D205505EEF4}.Debug|iPhoneSimulator.Build.0 = Debug|Any CPU
		{D3E8D3A7-B007-44FC-95E5-8D205505EEF4}.Debug|iPhoneSimulator.Deploy.0 = Debug|Any CPU
		{D3E8D3A7-B007-44FC-95E5-8D205505EEF4}.Release|Any CPU.ActiveCfg = Release|Any CPU
		{D3E8D3A7-B007-44FC-95E5-8D205505EEF4}.Release|Any CPU.Build.0 = Release|Any CPU
		{D3E8D3A7-B007-44FC-95E5-8D205505EEF4}.Release|Any CPU.Deploy.0 = Release|Any CPU
		{D3E8D3A7-B007-44FC-95E5-8D205505EEF4}.Release|iPhone.ActiveCfg = Release|Any CPU
		{D3E8D3A7-B007-44FC-95E5-8D205505EEF4}.Release|iPhone.Build.0 = Release|Any CPU
		{D3E8D3A7-B007-44FC-95E5-8D205505EEF4}.Release|iPhone.Deploy.0 = Release|Any CPU
		{D3E8D3A7-B007-44FC-95E5-8D205505EEF4}.Release|iPhoneSimulator.ActiveCfg = Release|Any CPU
		{D3E8D3A7-B007-44FC-95E5-8D205505EEF4}.Release|iPhoneSimulator.Build.0 = Release|Any CPU
		{D3E8D3A7-B007-44FC-95E5-8D205505EEF4}.Release|iPhoneSimulator.Deploy.0 = Release|Any CPU
	EndGlobalSection
	GlobalSection(SolutionProperties) = preSolution
		HideSolutionNode = FALSE
	EndGlobalSection
	GlobalSection(ExtensibilityGlobals) = postSolution
		SolutionGuid = {23F36DDE-6B28-448C-AE52-8C27120C9045}
	EndGlobalSection
EndGlobal
